// !$*UTF8*$!
{
	archiveVersion = 1;
	classes = {
	};
	objectVersion = 46;
	objects = {

/* Begin PBXBuildFile section */
		2D7AD90D1D09B4D0008A6853 /* FirstViewController.swift in Sources */ = {isa = PBXBuildFile; fileRef = 2D7AD90C1D09B4D0008A6853 /* FirstViewController.swift */; };
		2D7AD9111D09B6D2008A6853 /* Add User Group Man Man-22.png in Resources */ = {isa = PBXBuildFile; fileRef = 2D7AD9101D09B6D2008A6853 /* Add User Group Man Man-22.png */; };
		2D8CE20B1D09BDB800B2ACAA /* Add User Group Man Man-44.png in Resources */ = {isa = PBXBuildFile; fileRef = 2D8CE20A1D09BDB800B2ACAA /* Add User Group Man Man-44.png */; };
		CF0575F41B6CB8EC3E7E411E /* Pods_RosterQuiz.framework in Frameworks */ = {isa = PBXBuildFile; fileRef = 4086CFCBCAE9B2AC937ACA43 /* Pods_RosterQuiz.framework */; };
		D517D1C31D04FC5600B6FDBC /* AppDelegate.swift in Sources */ = {isa = PBXBuildFile; fileRef = D517D1C21D04FC5600B6FDBC /* AppDelegate.swift */; };
		D517D1C71D04FC5600B6FDBC /* SecondViewController.swift in Sources */ = {isa = PBXBuildFile; fileRef = D517D1C61D04FC5600B6FDBC /* SecondViewController.swift */; };
		D517D1CA1D04FC5600B6FDBC /* Main.storyboard in Resources */ = {isa = PBXBuildFile; fileRef = D517D1C81D04FC5600B6FDBC /* Main.storyboard */; };
		D517D1CC1D04FC5600B6FDBC /* Assets.xcassets in Resources */ = {isa = PBXBuildFile; fileRef = D517D1CB1D04FC5600B6FDBC /* Assets.xcassets */; };
		D517D1CF1D04FC5600B6FDBC /* LaunchScreen.storyboard in Resources */ = {isa = PBXBuildFile; fileRef = D517D1CD1D04FC5600B6FDBC /* LaunchScreen.storyboard */; };
		D517D1DA1D04FC5700B6FDBC /* RosterQuizTests.swift in Sources */ = {isa = PBXBuildFile; fileRef = D517D1D91D04FC5700B6FDBC /* RosterQuizTests.swift */; };
		D517D1E51D04FC5700B6FDBC /* RosterQuizUITests.swift in Sources */ = {isa = PBXBuildFile; fileRef = D517D1E41D04FC5700B6FDBC /* RosterQuizUITests.swift */; };
		D517D1F51D0506AF00B6FDBC /* Roster.swift in Sources */ = {isa = PBXBuildFile; fileRef = D517D1F41D0506AF00B6FDBC /* Roster.swift */; };
		D517D1F71D0506E700B6FDBC /* Student.swift in Sources */ = {isa = PBXBuildFile; fileRef = D517D1F61D0506E700B6FDBC /* Student.swift */; };
		D56895371D050FA100B9386D /* User Groups-50.png in Resources */ = {isa = PBXBuildFile; fileRef = D56895361D050FA100B9386D /* User Groups-50.png */; };
		D56895391D05115F00B9386D /* Why Us Female-50.png in Resources */ = {isa = PBXBuildFile; fileRef = D56895381D05115F00B9386D /* Why Us Female-50.png */; };
		D568953B1D05D76900B9386D /* AddRosterController.swift in Sources */ = {isa = PBXBuildFile; fileRef = D568953A1D05D76900B9386D /* AddRosterController.swift */; };
		D568953D1D05EF3C00B9386D /* ShowRosterController.swift in Sources */ = {isa = PBXBuildFile; fileRef = D568953C1D05EF3C00B9386D /* ShowRosterController.swift */; };
		D5BEBC701D064694003BA21D /* User-100.png in Resources */ = {isa = PBXBuildFile; fileRef = D5BEBC6F1D064694003BA21D /* User-100.png */; };
/* End PBXBuildFile section */

/* Begin PBXContainerItemProxy section */
		D517D1D61D04FC5700B6FDBC /* PBXContainerItemProxy */ = {
			isa = PBXContainerItemProxy;
			containerPortal = D517D1B71D04FC5600B6FDBC /* Project object */;
			proxyType = 1;
			remoteGlobalIDString = D517D1BE1D04FC5600B6FDBC;
			remoteInfo = RosterQuiz;
		};
		D517D1E11D04FC5700B6FDBC /* PBXContainerItemProxy */ = {
			isa = PBXContainerItemProxy;
			containerPortal = D517D1B71D04FC5600B6FDBC /* Project object */;
			proxyType = 1;
			remoteGlobalIDString = D517D1BE1D04FC5600B6FDBC;
			remoteInfo = RosterQuiz;
		};
/* End PBXContainerItemProxy section */

/* Begin PBXCopyFilesBuildPhase section */
		D5BEBC7C1D065D09003BA21D /* Copy Frameworks */ = {
			isa = PBXCopyFilesBuildPhase;
			buildActionMask = 2147483647;
			dstPath = "";
			dstSubfolderSpec = 10;
			files = (
			);
			name = "Copy Frameworks";
			runOnlyForDeploymentPostprocessing = 0;
		};
/* End PBXCopyFilesBuildPhase section */

/* Begin PBXFileReference section */
		2D7AD90C1D09B4D0008A6853 /* FirstViewController.swift */ = {isa = PBXFileReference; fileEncoding = 4; lastKnownFileType = sourcecode.swift; path = FirstViewController.swift; sourceTree = "<group>"; };
		2D7AD9101D09B6D2008A6853 /* Add User Group Man Man-22.png */ = {isa = PBXFileReference; lastKnownFileType = image.png; path = "Add User Group Man Man-22.png"; sourceTree = "<group>"; };
		2D8CE20A1D09BDB800B2ACAA /* Add User Group Man Man-44.png */ = {isa = PBXFileReference; lastKnownFileType = image.png; path = "Add User Group Man Man-44.png"; sourceTree = "<group>"; };
		4086CFCBCAE9B2AC937ACA43 /* Pods_RosterQuiz.framework */ = {isa = PBXFileReference; explicitFileType = wrapper.framework; includeInIndex = 0; path = Pods_RosterQuiz.framework; sourceTree = BUILT_PRODUCTS_DIR; };
		A5F9D293EB90EB28A4325B8B /* Pods-RosterQuiz.debug.xcconfig */ = {isa = PBXFileReference; includeInIndex = 1; lastKnownFileType = text.xcconfig; name = "Pods-RosterQuiz.debug.xcconfig"; path = "Pods/Target Support Files/Pods-RosterQuiz/Pods-RosterQuiz.debug.xcconfig"; sourceTree = "<group>"; };
		D517D1BF1D04FC5600B6FDBC /* RosterQuiz.app */ = {isa = PBXFileReference; explicitFileType = wrapper.application; includeInIndex = 0; path = RosterQuiz.app; sourceTree = BUILT_PRODUCTS_DIR; };
		D517D1C21D04FC5600B6FDBC /* AppDelegate.swift */ = {isa = PBXFileReference; lastKnownFileType = sourcecode.swift; path = AppDelegate.swift; sourceTree = "<group>"; };
		D517D1C61D04FC5600B6FDBC /* SecondViewController.swift */ = {isa = PBXFileReference; lastKnownFileType = sourcecode.swift; path = SecondViewController.swift; sourceTree = "<group>"; };
		D517D1C91D04FC5600B6FDBC /* Base */ = {isa = PBXFileReference; lastKnownFileType = file.storyboard; name = Base; path = Base.lproj/Main.storyboard; sourceTree = "<group>"; };
		D517D1CB1D04FC5600B6FDBC /* Assets.xcassets */ = {isa = PBXFileReference; lastKnownFileType = folder.assetcatalog; path = Assets.xcassets; sourceTree = "<group>"; };
		D517D1CE1D04FC5600B6FDBC /* Base */ = {isa = PBXFileReference; lastKnownFileType = file.storyboard; name = Base; path = Base.lproj/LaunchScreen.storyboard; sourceTree = "<group>"; };
		D517D1D01D04FC5600B6FDBC /* Info.plist */ = {isa = PBXFileReference; lastKnownFileType = text.plist.xml; path = Info.plist; sourceTree = "<group>"; };
		D517D1D51D04FC5700B6FDBC /* RosterQuizTests.xctest */ = {isa = PBXFileReference; explicitFileType = wrapper.cfbundle; includeInIndex = 0; path = RosterQuizTests.xctest; sourceTree = BUILT_PRODUCTS_DIR; };
		D517D1D91D04FC5700B6FDBC /* RosterQuizTests.swift */ = {isa = PBXFileReference; lastKnownFileType = sourcecode.swift; path = RosterQuizTests.swift; sourceTree = "<group>"; };
		D517D1DB1D04FC5700B6FDBC /* Info.plist */ = {isa = PBXFileReference; lastKnownFileType = text.plist.xml; path = Info.plist; sourceTree = "<group>"; };
		D517D1E01D04FC5700B6FDBC /* RosterQuizUITests.xctest */ = {isa = PBXFileReference; explicitFileType = wrapper.cfbundle; includeInIndex = 0; path = RosterQuizUITests.xctest; sourceTree = BUILT_PRODUCTS_DIR; };
		D517D1E41D04FC5700B6FDBC /* RosterQuizUITests.swift */ = {isa = PBXFileReference; lastKnownFileType = sourcecode.swift; path = RosterQuizUITests.swift; sourceTree = "<group>"; };
		D517D1E61D04FC5700B6FDBC /* Info.plist */ = {isa = PBXFileReference; lastKnownFileType = text.plist.xml; path = Info.plist; sourceTree = "<group>"; };
		D517D1F41D0506AF00B6FDBC /* Roster.swift */ = {isa = PBXFileReference; fileEncoding = 4; lastKnownFileType = sourcecode.swift; name = Roster.swift; path = ../Roster.swift; sourceTree = "<group>"; };
		D517D1F61D0506E700B6FDBC /* Student.swift */ = {isa = PBXFileReference; fileEncoding = 4; lastKnownFileType = sourcecode.swift; name = Student.swift; path = ../Student.swift; sourceTree = "<group>"; };
		D56895361D050FA100B9386D /* User Groups-50.png */ = {isa = PBXFileReference; lastKnownFileType = image.png; path = "User Groups-50.png"; sourceTree = "<group>"; };
		D56895381D05115F00B9386D /* Why Us Female-50.png */ = {isa = PBXFileReference; lastKnownFileType = image.png; path = "Why Us Female-50.png"; sourceTree = "<group>"; };
		D568953A1D05D76900B9386D /* AddRosterController.swift */ = {isa = PBXFileReference; fileEncoding = 4; lastKnownFileType = sourcecode.swift; path = AddRosterController.swift; sourceTree = "<group>"; };
		D568953C1D05EF3C00B9386D /* ShowRosterController.swift */ = {isa = PBXFileReference; fileEncoding = 4; lastKnownFileType = sourcecode.swift; path = ShowRosterController.swift; sourceTree = "<group>"; };
		D5BEBC6F1D064694003BA21D /* User-100.png */ = {isa = PBXFileReference; lastKnownFileType = image.png; path = "User-100.png"; sourceTree = "<group>"; };
		E01858CD12DE73A3B9BE0F37 /* Pods-RosterQuiz.release.xcconfig */ = {isa = PBXFileReference; includeInIndex = 1; lastKnownFileType = text.xcconfig; name = "Pods-RosterQuiz.release.xcconfig"; path = "Pods/Target Support Files/Pods-RosterQuiz/Pods-RosterQuiz.release.xcconfig"; sourceTree = "<group>"; };
/* End PBXFileReference section */

/* Begin PBXFrameworksBuildPhase section */
		D517D1BC1D04FC5600B6FDBC /* Frameworks */ = {
			isa = PBXFrameworksBuildPhase;
			buildActionMask = 2147483647;
			files = (
				CF0575F41B6CB8EC3E7E411E /* Pods_RosterQuiz.framework in Frameworks */,
			);
			runOnlyForDeploymentPostprocessing = 0;
		};
		D517D1D21D04FC5700B6FDBC /* Frameworks */ = {
			isa = PBXFrameworksBuildPhase;
			buildActionMask = 2147483647;
			files = (
			);
			runOnlyForDeploymentPostprocessing = 0;
		};
		D517D1DD1D04FC5700B6FDBC /* Frameworks */ = {
			isa = PBXFrameworksBuildPhase;
			buildActionMask = 2147483647;
			files = (
			);
			runOnlyForDeploymentPostprocessing = 0;
		};
/* End PBXFrameworksBuildPhase section */

/* Begin PBXGroup section */
		53D1046D0C241C1661B46CB4 /* Frameworks */ = {
			isa = PBXGroup;
			children = (
				4086CFCBCAE9B2AC937ACA43 /* Pods_RosterQuiz.framework */,
			);
			name = Frameworks;
			sourceTree = "<group>";
		};
		D517D1B61D04FC5600B6FDBC = {
			isa = PBXGroup;
			children = (
				D517D1C11D04FC5600B6FDBC /* RosterQuiz */,
				D517D1D81D04FC5700B6FDBC /* RosterQuizTests */,
				D517D1E31D04FC5700B6FDBC /* RosterQuizUITests */,
				D517D1C01D04FC5600B6FDBC /* Products */,
				FF11F898049C89A1CFC28BA9 /* Pods */,
				53D1046D0C241C1661B46CB4 /* Frameworks */,
			);
			sourceTree = "<group>";
		};
		D517D1C01D04FC5600B6FDBC /* Products */ = {
			isa = PBXGroup;
			children = (
				D517D1BF1D04FC5600B6FDBC /* RosterQuiz.app */,
				D517D1D51D04FC5700B6FDBC /* RosterQuizTests.xctest */,
				D517D1E01D04FC5700B6FDBC /* RosterQuizUITests.xctest */,
			);
			name = Products;
			sourceTree = "<group>";
		};
		D517D1C11D04FC5600B6FDBC /* RosterQuiz */ = {
			isa = PBXGroup;
			children = (
				2D8CE20A1D09BDB800B2ACAA /* Add User Group Man Man-44.png */,
				2D7AD9101D09B6D2008A6853 /* Add User Group Man Man-22.png */,
				2D7AD90C1D09B4D0008A6853 /* FirstViewController.swift */,
				D517D1F41D0506AF00B6FDBC /* Roster.swift */,
				D517D1F61D0506E700B6FDBC /* Student.swift */,
				D517D1C21D04FC5600B6FDBC /* AppDelegate.swift */,
				D517D1C61D04FC5600B6FDBC /* SecondViewController.swift */,
				D568953A1D05D76900B9386D /* AddRosterController.swift */,
				D568953C1D05EF3C00B9386D /* ShowRosterController.swift */,
				D517D1C81D04FC5600B6FDBC /* Main.storyboard */,
				D517D1CB1D04FC5600B6FDBC /* Assets.xcassets */,
				D56895361D050FA100B9386D /* User Groups-50.png */,
				D56895381D05115F00B9386D /* Why Us Female-50.png */,
				D5BEBC6F1D064694003BA21D /* User-100.png */,
				D517D1CD1D04FC5600B6FDBC /* LaunchScreen.storyboard */,
				D517D1D01D04FC5600B6FDBC /* Info.plist */,
			);
			path = RosterQuiz;
			sourceTree = "<group>";
		};
		D517D1D81D04FC5700B6FDBC /* RosterQuizTests */ = {
			isa = PBXGroup;
			children = (
				D517D1D91D04FC5700B6FDBC /* RosterQuizTests.swift */,
				D517D1DB1D04FC5700B6FDBC /* Info.plist */,
			);
			path = RosterQuizTests;
			sourceTree = "<group>";
		};
		D517D1E31D04FC5700B6FDBC /* RosterQuizUITests */ = {
			isa = PBXGroup;
			children = (
				D517D1E41D04FC5700B6FDBC /* RosterQuizUITests.swift */,
				D517D1E61D04FC5700B6FDBC /* Info.plist */,
			);
			path = RosterQuizUITests;
			sourceTree = "<group>";
		};
		FF11F898049C89A1CFC28BA9 /* Pods */ = {
			isa = PBXGroup;
			children = (
				A5F9D293EB90EB28A4325B8B /* Pods-RosterQuiz.debug.xcconfig */,
				E01858CD12DE73A3B9BE0F37 /* Pods-RosterQuiz.release.xcconfig */,
			);
			name = Pods;
			sourceTree = "<group>";
		};
/* End PBXGroup section */

/* Begin PBXNativeTarget section */
		D517D1BE1D04FC5600B6FDBC /* RosterQuiz */ = {
			isa = PBXNativeTarget;
			buildConfigurationList = D517D1E91D04FC5700B6FDBC /* Build configuration list for PBXNativeTarget "RosterQuiz" */;
			buildPhases = (
				10265E7B51923778A6A0A43C /* [CP] Check Pods Manifest.lock */,
				D517D1BB1D04FC5600B6FDBC /* Sources */,
				D517D1BC1D04FC5600B6FDBC /* Frameworks */,
				D517D1BD1D04FC5600B6FDBC /* Resources */,
				D5BEBC7C1D065D09003BA21D /* Copy Frameworks */,
				C622EBDE30065AFD6A3BB5BA /* [CP] Embed Pods Frameworks */,
				0465A80B309A10BBE9212E8F /* [CP] Copy Pods Resources */,
			);
			buildRules = (
			);
			dependencies = (
			);
			name = RosterQuiz;
			productName = RosterQuiz;
			productReference = D517D1BF1D04FC5600B6FDBC /* RosterQuiz.app */;
			productType = "com.apple.product-type.application";
		};
		D517D1D41D04FC5700B6FDBC /* RosterQuizTests */ = {
			isa = PBXNativeTarget;
			buildConfigurationList = D517D1EC1D04FC5700B6FDBC /* Build configuration list for PBXNativeTarget "RosterQuizTests" */;
			buildPhases = (
				D517D1D11D04FC5700B6FDBC /* Sources */,
				D517D1D21D04FC5700B6FDBC /* Frameworks */,
				D517D1D31D04FC5700B6FDBC /* Resources */,
			);
			buildRules = (
			);
			dependencies = (
				D517D1D71D04FC5700B6FDBC /* PBXTargetDependency */,
			);
			name = RosterQuizTests;
			productName = RosterQuizTests;
			productReference = D517D1D51D04FC5700B6FDBC /* RosterQuizTests.xctest */;
			productType = "com.apple.product-type.bundle.unit-test";
		};
		D517D1DF1D04FC5700B6FDBC /* RosterQuizUITests */ = {
			isa = PBXNativeTarget;
			buildConfigurationList = D517D1EF1D04FC5700B6FDBC /* Build configuration list for PBXNativeTarget "RosterQuizUITests" */;
			buildPhases = (
				D517D1DC1D04FC5700B6FDBC /* Sources */,
				D517D1DD1D04FC5700B6FDBC /* Frameworks */,
				D517D1DE1D04FC5700B6FDBC /* Resources */,
			);
			buildRules = (
			);
			dependencies = (
				D517D1E21D04FC5700B6FDBC /* PBXTargetDependency */,
			);
			name = RosterQuizUITests;
			productName = RosterQuizUITests;
			productReference = D517D1E01D04FC5700B6FDBC /* RosterQuizUITests.xctest */;
			productType = "com.apple.product-type.bundle.ui-testing";
		};
/* End PBXNativeTarget section */

/* Begin PBXProject section */
		D517D1B71D04FC5600B6FDBC /* Project object */ = {
			isa = PBXProject;
			attributes = {
				LastSwiftUpdateCheck = 0730;
				LastUpgradeCheck = 0730;
				ORGANIZATIONNAME = "Chris Gregg";
				TargetAttributes = {
					D517D1BE1D04FC5600B6FDBC = {
						CreatedOnToolsVersion = 7.3.1;
						DevelopmentTeam = XYT525MWQN;
					};
					D517D1D41D04FC5700B6FDBC = {
						CreatedOnToolsVersion = 7.3.1;
						TestTargetID = D517D1BE1D04FC5600B6FDBC;
					};
					D517D1DF1D04FC5700B6FDBC = {
						CreatedOnToolsVersion = 7.3.1;
						TestTargetID = D517D1BE1D04FC5600B6FDBC;
					};
				};
			};
			buildConfigurationList = D517D1BA1D04FC5600B6FDBC /* Build configuration list for PBXProject "RosterQuiz" */;
			compatibilityVersion = "Xcode 3.2";
			developmentRegion = English;
			hasScannedForEncodings = 0;
			knownRegions = (
				en,
				Base,
			);
			mainGroup = D517D1B61D04FC5600B6FDBC;
			productRefGroup = D517D1C01D04FC5600B6FDBC /* Products */;
			projectDirPath = "";
			projectRoot = "";
			targets = (
				D517D1BE1D04FC5600B6FDBC /* RosterQuiz */,
				D517D1D41D04FC5700B6FDBC /* RosterQuizTests */,
				D517D1DF1D04FC5700B6FDBC /* RosterQuizUITests */,
			);
		};
/* End PBXProject section */

/* Begin PBXResourcesBuildPhase section */
		D517D1BD1D04FC5600B6FDBC /* Resources */ = {
			isa = PBXResourcesBuildPhase;
			buildActionMask = 2147483647;
			files = (
				D517D1CF1D04FC5600B6FDBC /* LaunchScreen.storyboard in Resources */,
				D56895371D050FA100B9386D /* User Groups-50.png in Resources */,
				2D8CE20B1D09BDB800B2ACAA /* Add User Group Man Man-44.png in Resources */,
				D517D1CC1D04FC5600B6FDBC /* Assets.xcassets in Resources */,
				D56895391D05115F00B9386D /* Why Us Female-50.png in Resources */,
				D517D1CA1D04FC5600B6FDBC /* Main.storyboard in Resources */,
				D5BEBC701D064694003BA21D /* User-100.png in Resources */,
				2D7AD9111D09B6D2008A6853 /* Add User Group Man Man-22.png in Resources */,
			);
			runOnlyForDeploymentPostprocessing = 0;
		};
		D517D1D31D04FC5700B6FDBC /* Resources */ = {
			isa = PBXResourcesBuildPhase;
			buildActionMask = 2147483647;
			files = (
			);
			runOnlyForDeploymentPostprocessing = 0;
		};
		D517D1DE1D04FC5700B6FDBC /* Resources */ = {
			isa = PBXResourcesBuildPhase;
			buildActionMask = 2147483647;
			files = (
			);
			runOnlyForDeploymentPostprocessing = 0;
		};
/* End PBXResourcesBuildPhase section */

/* Begin PBXShellScriptBuildPhase section */
		0465A80B309A10BBE9212E8F /* [CP] Copy Pods Resources */ = {
			isa = PBXShellScriptBuildPhase;
			buildActionMask = 2147483647;
			files = (
			);
			inputPaths = (
			);
			name = "[CP] Copy Pods Resources";
			outputPaths = (
			);
			runOnlyForDeploymentPostprocessing = 0;
			shellPath = /bin/sh;
			shellScript = "\"${SRCROOT}/Pods/Target Support Files/Pods-RosterQuiz/Pods-RosterQuiz-resources.sh\"\n";
			showEnvVarsInLog = 0;
		};
		10265E7B51923778A6A0A43C /* [CP] Check Pods Manifest.lock */ = {
			isa = PBXShellScriptBuildPhase;
			buildActionMask = 2147483647;
			files = (
			);
			inputPaths = (
			);
			name = "[CP] Check Pods Manifest.lock";
			outputPaths = (
			);
			runOnlyForDeploymentPostprocessing = 0;
			shellPath = /bin/sh;
			shellScript = "diff \"${PODS_ROOT}/../Podfile.lock\" \"${PODS_ROOT}/Manifest.lock\" > /dev/null\nif [[ $? != 0 ]] ; then\n    cat << EOM\nerror: The sandbox is not in sync with the Podfile.lock. Run 'pod install' or update your CocoaPods installation.\nEOM\n    exit 1\nfi\n";
			showEnvVarsInLog = 0;
		};
		C622EBDE30065AFD6A3BB5BA /* [CP] Embed Pods Frameworks */ = {
			isa = PBXShellScriptBuildPhase;
			buildActionMask = 2147483647;
			files = (
			);
			inputPaths = (
			);
			name = "[CP] Embed Pods Frameworks";
			outputPaths = (
			);
			runOnlyForDeploymentPostprocessing = 0;
			shellPath = /bin/sh;
			shellScript = "\"${SRCROOT}/Pods/Target Support Files/Pods-RosterQuiz/Pods-RosterQuiz-frameworks.sh\"\n";
			showEnvVarsInLog = 0;
		};
/* End PBXShellScriptBuildPhase section */

/* Begin PBXSourcesBuildPhase section */
		D517D1BB1D04FC5600B6FDBC /* Sources */ = {
			isa = PBXSourcesBuildPhase;
			buildActionMask = 2147483647;
			files = (
				D568953B1D05D76900B9386D /* AddRosterController.swift in Sources */,
				D517D1C71D04FC5600B6FDBC /* SecondViewController.swift in Sources */,
				D517D1C31D04FC5600B6FDBC /* AppDelegate.swift in Sources */,
				D517D1F51D0506AF00B6FDBC /* Roster.swift in Sources */,
				D568953D1D05EF3C00B9386D /* ShowRosterController.swift in Sources */,
				D517D1F71D0506E700B6FDBC /* Student.swift in Sources */,
				2D7AD90D1D09B4D0008A6853 /* FirstViewController.swift in Sources */,
			);
			runOnlyForDeploymentPostprocessing = 0;
		};
		D517D1D11D04FC5700B6FDBC /* Sources */ = {
			isa = PBXSourcesBuildPhase;
			buildActionMask = 2147483647;
			files = (
				D517D1DA1D04FC5700B6FDBC /* RosterQuizTests.swift in Sources */,
			);
			runOnlyForDeploymentPostprocessing = 0;
		};
		D517D1DC1D04FC5700B6FDBC /* Sources */ = {
			isa = PBXSourcesBuildPhase;
			buildActionMask = 2147483647;
			files = (
				D517D1E51D04FC5700B6FDBC /* RosterQuizUITests.swift in Sources */,
			);
			runOnlyForDeploymentPostprocessing = 0;
		};
/* End PBXSourcesBuildPhase section */

/* Begin PBXTargetDependency section */
		D517D1D71D04FC5700B6FDBC /* PBXTargetDependency */ = {
			isa = PBXTargetDependency;
			target = D517D1BE1D04FC5600B6FDBC /* RosterQuiz */;
			targetProxy = D517D1D61D04FC5700B6FDBC /* PBXContainerItemProxy */;
		};
		D517D1E21D04FC5700B6FDBC /* PBXTargetDependency */ = {
			isa = PBXTargetDependency;
			target = D517D1BE1D04FC5600B6FDBC /* RosterQuiz */;
			targetProxy = D517D1E11D04FC5700B6FDBC /* PBXContainerItemProxy */;
		};
/* End PBXTargetDependency section */

/* Begin PBXVariantGroup section */
		D517D1C81D04FC5600B6FDBC /* Main.storyboard */ = {
			isa = PBXVariantGroup;
			children = (
				D517D1C91D04FC5600B6FDBC /* Base */,
			);
			name = Main.storyboard;
			sourceTree = "<group>";
		};
		D517D1CD1D04FC5600B6FDBC /* LaunchScreen.storyboard */ = {
			isa = PBXVariantGroup;
			children = (
				D517D1CE1D04FC5600B6FDBC /* Base */,
			);
			name = LaunchScreen.storyboard;
			sourceTree = "<group>";
		};
/* End PBXVariantGroup section */

/* Begin XCBuildConfiguration section */
		D517D1E71D04FC5700B6FDBC /* Debug */ = {
			isa = XCBuildConfiguration;
			buildSettings = {
				ALWAYS_SEARCH_USER_PATHS = NO;
				CLANG_ANALYZER_NONNULL = YES;
				CLANG_CXX_LANGUAGE_STANDARD = "gnu++0x";
				CLANG_CXX_LIBRARY = "libc++";
				CLANG_ENABLE_MODULES = YES;
				CLANG_ENABLE_OBJC_ARC = YES;
				CLANG_WARN_BOOL_CONVERSION = YES;
				CLANG_WARN_CONSTANT_CONVERSION = YES;
				CLANG_WARN_DIRECT_OBJC_ISA_USAGE = YES_ERROR;
				CLANG_WARN_EMPTY_BODY = YES;
				CLANG_WARN_ENUM_CONVERSION = YES;
				CLANG_WARN_INT_CONVERSION = YES;
				CLANG_WARN_OBJC_ROOT_CLASS = YES_ERROR;
				CLANG_WARN_UNREACHABLE_CODE = YES;
				CLANG_WARN__DUPLICATE_METHOD_MATCH = YES;
				CODE_SIGN_IDENTITY = "iPhone Developer";
				"CODE_SIGN_IDENTITY[sdk=iphoneos*]" = "iPhone Developer: Chris Gregg (BT5WA8V5MQ)";
				COPY_PHASE_STRIP = NO;
				DEBUG_INFORMATION_FORMAT = dwarf;
				EMBEDDED_CONTENT_CONTAINS_SWIFT = YES;
				ENABLE_STRICT_OBJC_MSGSEND = YES;
				ENABLE_TESTABILITY = YES;
				GCC_C_LANGUAGE_STANDARD = gnu99;
				GCC_DYNAMIC_NO_PIC = NO;
				GCC_NO_COMMON_BLOCKS = YES;
				GCC_OPTIMIZATION_LEVEL = 0;
				GCC_PREPROCESSOR_DEFINITIONS = (
					"DEBUG=1",
					"$(inherited)",
				);
				GCC_WARN_64_TO_32_BIT_CONVERSION = YES;
				GCC_WARN_ABOUT_RETURN_TYPE = YES_ERROR;
				GCC_WARN_UNDECLARED_SELECTOR = YES;
				GCC_WARN_UNINITIALIZED_AUTOS = YES_AGGRESSIVE;
				GCC_WARN_UNUSED_FUNCTION = YES;
				GCC_WARN_UNUSED_VARIABLE = YES;
				IPHONEOS_DEPLOYMENT_TARGET = 9.3;
				MTL_ENABLE_DEBUG_INFO = YES;
				ONLY_ACTIVE_ARCH = YES;
				SDKROOT = iphoneos;
				SWIFT_OPTIMIZATION_LEVEL = "-Onone";
			};
			name = Debug;
		};
		D517D1E81D04FC5700B6FDBC /* Release */ = {
			isa = XCBuildConfiguration;
			buildSettings = {
				ALWAYS_SEARCH_USER_PATHS = NO;
				CLANG_ANALYZER_NONNULL = YES;
				CLANG_CXX_LANGUAGE_STANDARD = "gnu++0x";
				CLANG_CXX_LIBRARY = "libc++";
				CLANG_ENABLE_MODULES = YES;
				CLANG_ENABLE_OBJC_ARC = YES;
				CLANG_WARN_BOOL_CONVERSION = YES;
				CLANG_WARN_CONSTANT_CONVERSION = YES;
				CLANG_WARN_DIRECT_OBJC_ISA_USAGE = YES_ERROR;
				CLANG_WARN_EMPTY_BODY = YES;
				CLANG_WARN_ENUM_CONVERSION = YES;
				CLANG_WARN_INT_CONVERSION = YES;
				CLANG_WARN_OBJC_ROOT_CLASS = YES_ERROR;
				CLANG_WARN_UNREACHABLE_CODE = YES;
				CLANG_WARN__DUPLICATE_METHOD_MATCH = YES;
				CODE_SIGN_IDENTITY = "iPhone Developer";
				"CODE_SIGN_IDENTITY[sdk=iphoneos*]" = "iPhone Developer: Chris Gregg (BT5WA8V5MQ)";
				COPY_PHASE_STRIP = NO;
				DEBUG_INFORMATION_FORMAT = "dwarf-with-dsym";
				EMBEDDED_CONTENT_CONTAINS_SWIFT = YES;
				ENABLE_NS_ASSERTIONS = NO;
				ENABLE_STRICT_OBJC_MSGSEND = YES;
				GCC_C_LANGUAGE_STANDARD = gnu99;
				GCC_NO_COMMON_BLOCKS = YES;
				GCC_WARN_64_TO_32_BIT_CONVERSION = YES;
				GCC_WARN_ABOUT_RETURN_TYPE = YES_ERROR;
				GCC_WARN_UNDECLARED_SELECTOR = YES;
				GCC_WARN_UNINITIALIZED_AUTOS = YES_AGGRESSIVE;
				GCC_WARN_UNUSED_FUNCTION = YES;
				GCC_WARN_UNUSED_VARIABLE = YES;
				IPHONEOS_DEPLOYMENT_TARGET = 9.3;
				MTL_ENABLE_DEBUG_INFO = NO;
				SDKROOT = iphoneos;
				VALIDATE_PRODUCT = YES;
			};
			name = Release;
		};
		D517D1EA1D04FC5700B6FDBC /* Debug */ = {
			isa = XCBuildConfiguration;
			baseConfigurationReference = A5F9D293EB90EB28A4325B8B /* Pods-RosterQuiz.debug.xcconfig */;
			buildSettings = {
				ASSETCATALOG_COMPILER_APPICON_NAME = AppIcon;
				CODE_SIGN_IDENTITY = "iPhone Developer";
				"CODE_SIGN_IDENTITY[sdk=iphoneos*]" = "iPhone Developer";
				INFOPLIST_FILE = RosterQuiz/Info.plist;
				IPHONEOS_DEPLOYMENT_TARGET = 8.0;
				LD_RUNPATH_SEARCH_PATHS = "$(inherited) @executable_path/Frameworks";
				PRODUCT_BUNDLE_IDENTIFIER = com.cocoadrillosoftware.RosterQuiz;
				PRODUCT_NAME = "$(TARGET_NAME)";
				PROVISIONING_PROFILE = "";
			};
			name = Debug;
		};
		D517D1EB1D04FC5700B6FDBC /* Release */ = {
			isa = XCBuildConfiguration;
			baseConfigurationReference = E01858CD12DE73A3B9BE0F37 /* Pods-RosterQuiz.release.xcconfig */;
			buildSettings = {
				ASSETCATALOG_COMPILER_APPICON_NAME = AppIcon;
				CODE_SIGN_IDENTITY = "iPhone Developer";
				"CODE_SIGN_IDENTITY[sdk=iphoneos*]" = "iPhone Developer";
				INFOPLIST_FILE = RosterQuiz/Info.plist;
				IPHONEOS_DEPLOYMENT_TARGET = 8.0;
				LD_RUNPATH_SEARCH_PATHS = "$(inherited) @executable_path/Frameworks";
				PRODUCT_BUNDLE_IDENTIFIER = com.cocoadrillosoftware.RosterQuiz;
				PRODUCT_NAME = "$(TARGET_NAME)";
				PROVISIONING_PROFILE = "";
			};
			name = Release;
		};
		D517D1ED1D04FC5700B6FDBC /* Debug */ = {
			isa = XCBuildConfiguration;
			buildSettings = {
				BUNDLE_LOADER = "$(TEST_HOST)";
				INFOPLIST_FILE = RosterQuizTests/Info.plist;
				LD_RUNPATH_SEARCH_PATHS = "$(inherited) @executable_path/Frameworks @loader_path/Frameworks";
				PRODUCT_BUNDLE_IDENTIFIER = com.cocoadrillosoftware.RosterQuizTests;
				PRODUCT_NAME = "$(TARGET_NAME)";
				TEST_HOST = "$(BUILT_PRODUCTS_DIR)/RosterQuiz.app/RosterQuiz";
			};
			name = Debug;
		};
		D517D1EE1D04FC5700B6FDBC /* Release */ = {
			isa = XCBuildConfiguration;
			buildSettings = {
				BUNDLE_LOADER = "$(TEST_HOST)";
				INFOPLIST_FILE = RosterQuizTests/Info.plist;
				LD_RUNPATH_SEARCH_PATHS = "$(inherited) @executable_path/Frameworks @loader_path/Frameworks";
				PRODUCT_BUNDLE_IDENTIFIER = com.cocoadrillosoftware.RosterQuizTests;
				PRODUCT_NAME = "$(TARGET_NAME)";
				TEST_HOST = "$(BUILT_PRODUCTS_DIR)/RosterQuiz.app/RosterQuiz";
			};
			name = Release;
		};
		D517D1F01D04FC5700B6FDBC /* Debug */ = {
			isa = XCBuildConfiguration;
			buildSettings = {
				INFOPLIST_FILE = RosterQuizUITests/Info.plist;
				LD_RUNPATH_SEARCH_PATHS = "$(inherited) @executable_path/Frameworks @loader_path/Frameworks";
				PRODUCT_BUNDLE_IDENTIFIER = com.cocoadrillosoftware.RosterQuizUITests;
				PRODUCT_NAME = "$(TARGET_NAME)";
				TEST_TARGET_NAME = RosterQuiz;
			};
			name = Debug;
		};
		D517D1F11D04FC5700B6FDBC /* Release */ = {
			isa = XCBuildConfiguration;
			buildSettings = {
				INFOPLIST_FILE = RosterQuizUITests/Info.plist;
				LD_RUNPATH_SEARCH_PATHS = "$(inherited) @executable_path/Frameworks @loader_path/Frameworks";
				PRODUCT_BUNDLE_IDENTIFIER = com.cocoadrillosoftware.RosterQuizUITests;
				PRODUCT_NAME = "$(TARGET_NAME)";
				TEST_TARGET_NAME = RosterQuiz;
			};
			name = Release;
		};
/* End XCBuildConfiguration section */

/* Begin XCConfigurationList section */
		D517D1BA1D04FC5600B6FDBC /* Build configuration list for PBXProject "RosterQuiz" */ = {
			isa = XCConfigurationList;
			buildConfigurations = (
				D517D1E71D04FC5700B6FDBC /* Debug */,
				D517D1E81D04FC5700B6FDBC /* Release */,
			);
			defaultConfigurationIsVisible = 0;
			defaultConfigurationName = Release;
		};
		D517D1E91D04FC5700B6FDBC /* Build configuration list for PBXNativeTarget "RosterQuiz" */ = {
			isa = XCConfigurationList;
			buildConfigurations = (
				D517D1EA1D04FC5700B6FDBC /* Debug */,
				D517D1EB1D04FC5700B6FDBC /* Release */,
			);
			defaultConfigurationIsVisible = 0;
			defaultConfigurationName = Release;
		};
		D517D1EC1D04FC5700B6FDBC /* Build configuration list for PBXNativeTarget "RosterQuizTests" */ = {
			isa = XCConfigurationList;
			buildConfigurations = (
				D517D1ED1D04FC5700B6FDBC /* Debug */,
				D517D1EE1D04FC5700B6FDBC /* Release */,
			);
			defaultConfigurationIsVisible = 0;
			defaultConfigurationName = Release;
		};
		D517D1EF1D04FC5700B6FDBC /* Build configuration list for PBXNativeTarget "RosterQuizUITests" */ = {
			isa = XCConfigurationList;
			buildConfigurations = (
				D517D1F01D04FC5700B6FDBC /* Debug */,
				D517D1F11D04FC5700B6FDBC /* Release */,
			);
			defaultConfigurationIsVisible = 0;
			defaultConfigurationName = Release;
		};
/* End XCConfigurationList section */
	};
	rootObject = D517D1B71D04FC5600B6FDBC /* Project object */;
}
